
Microsoft Visual Studio Solution File, Format Version 12.00
# Visual Studio Version 17
VisualStudioVersion = 17.13.35919.96 d17.13
MinimumVisualStudioVersion = 10.0.40219.1
Project("{FAE04EC0-301F-11D3-BF4B-00C04F79EFBC}") = "FirstAgent.API", "FirstAgent.API\FirstAgent.API.csproj", "{EC52AB40-BE86-4C99-B677-318A6C62DB8A}"
EndProject
Global
	GlobalSection(SolutionConfigurationPlatforms) = preSolution
		Debug|Any CPU = Debug|Any CPU
		Release|Any CPU = Release|Any CPU
	EndGlobalSection
	GlobalSection(ProjectConfigurationPlatforms) = postSolution
		{EC52AB40-BE86-4C99-B677-318A6C62DB8A}.Debug|Any CPU.ActiveCfg = Debug|Any CPU
		{EC52AB40-BE86-4C99-B677-318A6C62DB8A}.Debug|Any CPU.Build.0 = Debug|Any CPU
		{EC52AB40-BE86-4C99-B677-318A6C62DB8A}.Release|Any CPU.ActiveCfg = Release|Any CPU
		{EC52AB40-BE86-4C99-B677-318A6C62DB8A}.Release|Any CPU.Build.0 = Release|Any CPU
	EndGlobalSection
	GlobalSection(SolutionProperties) = preSolution
		HideSolutionNode = FALSE
	EndGlobalSection
	GlobalSection(ExtensibilityGlobals) = postSolution
		SolutionGuid = {C1BE3215-B2CF-4362-A6D9-04AB778B0EE6}
	EndGlobalSection
EndGlobal
